// !$*UTF8*$!
{
	archiveVersion = 1;
	classes = {
	};
	objectVersion = 48;
	objects = {

/* Begin PBXBuildFile section */
		A38E91E9201EC54F00F26A57 /* AppDelegate.m in Sources */ = {isa = PBXBuildFile; fileRef = A38E91E8201EC54F00F26A57 /* AppDelegate.m */; };
		A38E91EC201EC54F00F26A57 /* ViewController.m in Sources */ = {isa = PBXBuildFile; fileRef = A38E91EB201EC54F00F26A57 /* ViewController.m */; };
		A38E91EF201EC54F00F26A57 /* Main.storyboard in Resources */ = {isa = PBXBuildFile; fileRef = A38E91ED201EC54F00F26A57 /* Main.storyboard */; };
		A38E91F1201EC54F00F26A57 /* Assets.xcassets in Resources */ = {isa = PBXBuildFile; fileRef = A38E91F0201EC54F00F26A57 /* Assets.xcassets */; };
		A38E91F4201EC54F00F26A57 /* LaunchScreen.storyboard in Resources */ = {isa = PBXBuildFile; fileRef = A38E91F2201EC54F00F26A57 /* LaunchScreen.storyboard */; };
		A38E91F7201EC54F00F26A57 /* main.m in Sources */ = {isa = PBXBuildFile; fileRef = A38E91F6201EC54F00F26A57 /* main.m */; };
/* End PBXBuildFile section */

/* Begin PBXFileReference section */
		A38E91E4201EC54F00F26A57 /* ZTPhotoBrowser-Objc.app */ = {isa = PBXFileReference; explicitFileType = wrapper.application; includeInIndex = 0; path = "ZTPhotoBrowser-Objc.app"; sourceTree = BUILT_PRODUCTS_DIR; };
		A38E91E7201EC54F00F26A57 /* AppDelegate.h */ = {isa = PBXFileReference; lastKnownFileType = sourcecode.c.h; path = AppDelegate.h; sourceTree = "<group>"; };
		A38E91E8201EC54F00F26A57 /* AppDelegate.m */ = {isa = PBXFileReference; lastKnownFileType = sourcecode.c.objc; path = AppDelegate.m; sourceTree = "<group>"; };
		A38E91EA201EC54F00F26A57 /* ViewController.h */ = {isa = PBXFileReference; lastKnownFileType = sourcecode.c.h; path = ViewController.h; sourceTree = "<group>"; };
		A38E91EB201EC54F00F26A57 /* ViewController.m */ = {isa = PBXFileReference; lastKnownFileType = sourcecode.c.objc; path = ViewController.m; sourceTree = "<group>"; };
		A38E91EE201EC54F00F26A57 /* Base */ = {isa = PBXFileReference; lastKnownFileType = file.storyboard; name = Base; path = Base.lproj/Main.storyboard; sourceTree = "<group>"; };
		A38E91F0201EC54F00F26A57 /* Assets.xcassets */ = {isa = PBXFileReference; lastKnownFileType = folder.assetcatalog; path = Assets.xcassets; sourceTree = "<group>"; };
		A38E91F3201EC54F00F26A57 /* Base */ = {isa = PBXFileReference; lastKnownFileType = file.storyboard; name = Base; path = Base.lproj/LaunchScreen.storyboard; sourceTree = "<group>"; };
		A38E91F5201EC54F00F26A57 /* Info.plist */ = {isa = PBXFileReference; lastKnownFileType = text.plist.xml; path = Info.plist; sourceTree = "<group>"; };
		A38E91F6201EC54F00F26A57 /* main.m */ = {isa = PBXFileReference; lastKnownFileType = sourcecode.c.objc; path = main.m; sourceTree = "<group>"; };
/* End PBXFileReference section */

/* Begin PBXFrameworksBuildPhase section */
		A38E91E1201EC54F00F26A57 /* Frameworks */ = {
			isa = PBXFrameworksBuildPhase;
			buildActionMask = 2147483647;
			files = (
			);
			runOnlyForDeploymentPostprocessing = 0;
		};
/* End PBXFrameworksBuildPhase section */

/* Begin PBXGroup section */
		A38E91DB201EC54F00F26A57 = {
			isa = PBXGroup;
			children = (
				A38E91E6201EC54F00F26A57 /* ZTPhotoBrowser-Objc */,
				A38E91E5201EC54F00F26A57 /* Products */,
			);
			sourceTree = "<group>";
		};
		A38E91E5201EC54F00F26A57 /* Products */ = {
			isa = PBXGroup;
			children = (
				A38E91E4201EC54F00F26A57 /* ZTPhotoBrowser-Objc.app */,
			);
			name = Products;
			sourceTree = "<group>";
		};
		A38E91E6201EC54F00F26A57 /* ZTPhotoBrowser-Objc */ = {
			isa = PBXGroup;
			children = (
				A38E91E7201EC54F00F26A57 /* AppDelegate.h */,
				A38E91E8201EC54F00F26A57 /* AppDelegate.m */,
				A38E91EA201EC54F00F26A57 /* ViewController.h */,
				A38E91EB201EC54F00F26A57 /* ViewController.m */,
				A38E91ED201EC54F00F26A57 /* Main.storyboard */,
				A38E91F0201EC54F00F26A57 /* Assets.xcassets */,
				A38E91F2201EC54F00F26A57 /* LaunchScreen.storyboard */,
				A38E91F5201EC54F00F26A57 /* Info.plist */,
				A38E91F6201EC54F00F26A57 /* main.m */,
			);
			path = "ZTPhotoBrowser-Objc";
			sourceTree = "<group>";
		};
/* End PBXGroup section */

/* Begin PBXNativeTarget section */
		A38E91E3201EC54F00F26A57 /* ZTPhotoBrowser-Objc */ = {
			isa = PBXNativeTarget;
			buildConfigurationList = A38E91FA201EC54F00F26A57 /* Build configuration list for PBXNativeTarget "ZTPhotoBrowser-Objc" */;
			buildPhases = (
				A38E91E0201EC54F00F26A57 /* Sources */,
				A38E91E1201EC54F00F26A57 /* Frameworks */,
				A38E91E2201EC54F00F26A57 /* Resources */,
			);
			buildRules = (
			);
			dependencies = (
			);
			name = "ZTPhotoBrowser-Objc";
			productName = "ZTPhotoBrowser-Objc";
			productReference = A38E91E4201EC54F00F26A57 /* ZTPhotoBrowser-Objc.app */;
			productType = "com.apple.product-type.application";
		};
/* End PBXNativeTarget section */

/* Begin PBXProject section */
		A38E91DC201EC54F00F26A57 /* Project object */ = {
			isa = PBXProject;
			attributes = {
				LastUpgradeCheck = 0920;
				ORGANIZATIONNAME = zhaitong;
				TargetAttributes = {
					A38E91E3201EC54F00F26A57 = {
						CreatedOnToolsVersion = 9.2;
						ProvisioningStyle = Automatic;
					};
				};
			};
			buildConfigurationList = A38E91DF201EC54F00F26A57 /* Build configuration list for PBXProject "ZTPhotoBrowser-Objc" */;
			compatibilityVersion = "Xcode 8.0";
			developmentRegion = en;
			hasScannedForEncodings = 0;
			knownRegions = (
				en,
				Base,
			);
			mainGroup = A38E91DB201EC54F00F26A57;
			productRefGroup = A38E91E5201EC54F00F26A57 /* Products */;
			projectDirPath = "";
			projectRoot = "";
			targets = (
				A38E91E3201EC54F00F26A57 /* ZTPhotoBrowser-Objc */,
			);
		};
/* End PBXProject section */

/* Begin PBXResourcesBuildPhase section */
		A38E91E2201EC54F00F26A57 /* Resources */ = {
			isa = PBXResourcesBuildPhase;
			buildActionMask = 2147483647;
			files = (
				A38E91F4201EC54F00F26A57 /* LaunchScreen.storyboard in Resources */,
				A38E91F1201EC54F00F26A57 /* Assets.xcassets in Resources */,
				A38E91EF201EC54F00F26A57 /* Main.storyboard in Resources */,
			);
			runOnlyForDeploymentPostprocessing = 0;
		};
/* End PBXResourcesBuildPhase section */

/* Begin PBXSourcesBuildPhase section */
		A38E91E0201EC54F00F26A57 /* Sources */ = {
			isa = PBXSourcesBuildPhase;
			buildActionMask = 2147483647;
			files = (
				A38E91EC201EC54F00F26A57 /* ViewController.m in Sources */,
				A38E91F7201EC54F00F26A57 /* main.m in Sources */,
				A38E91E9201EC54F00F26A57 /* AppDelegate.m in Sources */,
			);
			runOnlyForDeploymentPostprocessing = 0;
		};
/* End PBXSourcesBuildPhase section */

/* Begin PBXVariantGroup section */
		A38E91ED201EC54F00F26A57 /* Main.storyboard */ = {
			isa = PBXVariantGroup;
			children = (
				A38E91EE201EC54F00F26A57 /* Base */,
			);
			name = Main.storyboard;
			sourceTree = "<group>";
		};
		A38E91F2201EC54F00F26A57 /* LaunchScreen.storyboard */ = {
			isa = PBXVariantGroup;
			children = (
				A38E91F3201EC54F00F26A57 /* Base */,
			);
			name = LaunchScreen.storyboard;
			sourceTree = "<group>";
		};
/* End PBXVariantGroup section */

/* Begin XCBuildConfiguration section */
		A38E91F8201EC54F00F26A57 /* Debug */ = {
			isa = XCBuildConfiguration;
			buildSettings = {
				ALWAYS_SEARCH_USER_PATHS = NO;
				CLANG_ANALYZER_NONNULL = YES;
				CLANG_ANALYZER_NUMBER_OBJECT_CONVERSION = YES_AGGRESSIVE;
				CLANG_CXX_LANGUAGE_STANDARD = "gnu++14";
				CLANG_CXX_LIBRARY = "libc++";
				CLANG_ENABLE_MODULES = YES;
				CLANG_ENABLE_OBJC_ARC = YES;
				CLANG_WARN_BLOCK_CAPTURE_AUTORELEASING = YES;
				CLANG_WARN_BOOL_CONVERSION = YES;
				CLANG_WARN_COMMA = YES;
				CLANG_WARN_CONSTANT_CONVERSION = YES;
				CLANG_WARN_DIRECT_OBJC_ISA_USAGE = YES_ERROR;
				CLANG_WARN_DOCUMENTATION_COMMENTS = YES;
				CLANG_WARN_EMPTY_BODY = YES;
				CLANG_WARN_ENUM_CONVERSION = YES;
				CLANG_WARN_INFINITE_RECURSION = YES;
				CLANG_WARN_INT_CONVERSION = YES;
				CLANG_WARN_NON_LITERAL_NULL_CONVERSION = YES;
				CLANG_WARN_OBJC_LITERAL_CONVERSION = YES;
				CLANG_WARN_OBJC_ROOT_CLASS = YES_ERROR;
				CLANG_WARN_RANGE_LOOP_ANALYSIS = YES;
				CLANG_WARN_STRICT_PROTOTYPES = YES;
				CLANG_WARN_SUSPICIOUS_MOVE = YES;
				CLANG_WARN_UNGUARDED_AVAILABILITY = YES_AGGRESSIVE;
				CLANG_WARN_UNREACHABLE_CODE = YES;
				CLANG_WARN__DUPLICATE_METHOD_MATCH = YES;
				CODE_SIGN_IDENTITY = "iPhone Developer";
				COPY_PHASE_STRIP = NO;
				DEBUG_INFORMATION_FORMAT = dwarf;
				ENABLE_STRICT_OBJC_MSGSEND = YES;
				ENABLE_TESTABILITY = YES;
				GCC_C_LANGUAGE_STANDARD = gnu11;
				GCC_DYNAMIC_NO_PIC = NO;
				GCC_NO_COMMON_BLOCKS = YES;
				GCC_OPTIMIZATION_LEVEL = 0;
				GCC_PREPROCESSOR_DEFINITIONS = (
					"DEBUG=1",
					"$(inherited)",
				);
				GCC_WARN_64_TO_32_BIT_CONVERSION = YES;
				GCC_WARN_ABOUT_RETURN_TYPE = YES_ERROR;
				GCC_WARN_UNDECLARED_SELECTOR = YES;
				GCC_WARN_UNINITIALIZED_AUTOS = YES_AGGRESSIVE;
				GCC_WARN_UNUSED_FUNCTION = YES;
				GCC_WARN_UNUSED_VARIABLE = YES;
				IPHONEOS_DEPLOYMENT_TARGET = 11.2;
				MTL_ENABLE_DEBUG_INFO = YES;
				ONLY_ACTIVE_ARCH = YES;
				SDKROOT = iphoneos;
			};
			name = Debug;
		};
		A38E91F9201EC54F00F26A57 /* Release */ = {
			isa = XCBuildConfiguration;
			buildSettings = {
				ALWAYS_SEARCH_USER_PATHS = NO;
				CLANG_ANALYZER_NONNULL = YES;
				CLANG_ANALYZER_NUMBER_OBJECT_CONVERSION = YES_AGGRESSIVE;
				CLANG_CXX_LANGUAGE_STANDARD = "gnu++14";
				CLANG_CXX_LIBRARY = "libc++";
				CLANG_ENABLE_MODULES = YES;
				CLANG_ENABLE_OBJC_ARC = YES;
				CLANG_WARN_BLOCK_CAPTURE_AUTORELEASING = YES;
				CLANG_WARN_BOOL_CONVERSION = YES;
				CLANG_WARN_COMMA = YES;
				CLANG_WARN_CONSTANT_CONVERSION = YES;
				CLANG_WARN_DIRECT_OBJC_ISA_USAGE = YES_ERROR;
				CLANG_WARN_DOCUMENTATION_COMMENTS = YES;
				CLANG_WARN_EMPTY_BODY = YES;
				CLANG_WARN_ENUM_CONVERSION = YES;
				CLANG_WARN_INFINITE_RECURSION = YES;
				CLANG_WARN_INT_CONVERSION = YES;
				CLANG_WARN_NON_LITERAL_NULL_CONVERSION = YES;
				CLANG_WARN_OBJC_LITERAL_CONVERSION = YES;
				CLANG_WARN_OBJC_ROOT_CLASS = YES_ERROR;
				CLANG_WARN_RANGE_LOOP_ANALYSIS = YES;
				CLANG_WARN_STRICT_PROTOTYPES = YES;
				CLANG_WARN_SUSPICIOUS_MOVE = YES;
				CLANG_WARN_UNGUARDED_AVAILABILITY = YES_AGGRESSIVE;
				CLANG_WARN_UNREACHABLE_CODE = YES;
				CLANG_WARN__DUPLICATE_METHOD_MATCH = YES;
				CODE_SIGN_IDENTITY = "iPhone Developer";
				COPY_PHASE_STRIP = NO;
				DEBUG_INFORMATION_FORMAT = "dwarf-with-dsym";
				ENABLE_NS_ASSERTIONS = NO;
				ENABLE_STRICT_OBJC_MSGSEND = YES;
				GCC_C_LANGUAGE_STANDARD = gnu11;
				GCC_NO_COMMON_BLOCKS = YES;
				GCC_WARN_64_TO_32_BIT_CONVERSION = YES;
				GCC_WARN_ABOUT_RETURN_TYPE = YES_ERROR;
				GCC_WARN_UNDECLARED_SELECTOR = YES;
				GCC_WARN_UNINITIALIZED_AUTOS = YES_AGGRESSIVE;
				GCC_WARN_UNUSED_FUNCTION = YES;
				GCC_WARN_UNUSED_VARIABLE = YES;
				IPHONEOS_DEPLOYMENT_TARGET = 11.2;
				MTL_ENABLE_DEBUG_INFO = NO;
				SDKROOT = iphoneos;
				VALIDATE_PRODUCT = YES;
			};
			name = Release;
		};
		A38E91FB201EC54F00F26A57 /* Debug */ = {
			isa = XCBuildConfiguration;
			buildSettings = {
				ASSETCATALOG_COMPILER_APPICON_NAME = AppIcon;
				CODE_SIGN_STYLE = Automatic;
				DEVELOPMENT_TEAM = UC8DEUB2KQ;
				INFOPLIST_FILE = "ZTPhotoBrowser-Objc/Info.plist";
				LD_RUNPATH_SEARCH_PATHS = "$(inherited) @executable_path/Frameworks";
				PRODUCT_BUNDLE_IDENTIFIER = "ztphotobrowser.ZTPhotoBrowser-Objc";
				PRODUCT_NAME = "$(TARGET_NAME)";
				TARGETED_DEVICE_FAMILY = "1,2";
			};
			name = Debug;
		};
		A38E91FC201EC54F00F26A57 /* Release */ = {
			isa = XCBuildConfiguration;
			buildSettings = {
				ASSETCATALOG_COMPILER_APPICON_NAME = AppIcon;
				CODE_SIGN_STYLE = Automatic;
				DEVELOPMENT_TEAM = UC8DEUB2KQ;
				INFOPLIST_FILE = "ZTPhotoBrowser-Objc/Info.plist";
				LD_RUNPATH_SEARCH_PATHS = "$(inherited) @executable_path/Frameworks";
				PRODUCT_BUNDLE_IDENTIFIER = "ztphotobrowser.ZTPhotoBrowser-Objc";
				PRODUCT_NAME = "$(TARGET_NAME)";
				TARGETED_DEVICE_FAMILY = "1,2";
			};
			name = Release;
		};
/* End XCBuildConfiguration section */

/* Begin XCConfigurationList section */
		A38E91DF201EC54F00F26A57 /* Build configuration list for PBXProject "ZTPhotoBrowser-Objc" */ = {
			isa = XCConfigurationList;
			buildConfigurations = (
				A38E91F8201EC54F00F26A57 /* Debug */,
				A38E91F9201EC54F00F26A57 /* Release */,
			);
			defaultConfigurationIsVisible = 0;
			defaultConfigurationName = Release;
		};
		A38E91FA201EC54F00F26A57 /* Build configuration list for PBXNativeTarget "ZTPhotoBrowser-Objc" */ = {
			isa = XCConfigurationList;
			buildConfigurations = (
				A38E91FB201EC54F00F26A57 /* Debug */,
				A38E91FC201EC54F00F26A57 /* Release */,
			);
			defaultConfigurationIsVisible = 0;
			defaultConfigurationName = Release;
		};
/* End XCConfigurationList section */
	};
	rootObject = A38E91DC201EC54F00F26A57 /* Project object */;
}
